Microsoft Visual Studio Solution File, Format Version 12.00
# Visual Studio Version 16
VisualStudioVersion = 16.0.0.0
MinimumVisualStudioVersion = 16.0.0.0
Project("{9A19103F-16F7-4668-BE54-9A1E7A4F7556}") = "BlazorApp4", "BlazorApp4\BlazorApp4.csproj", "{7ED14367-8659-4F21-AAE2-A35E58F2942C}"
EndProject
Project("{9A19103F-16F7-4668-BE54-9A1E7A4F7556}") = "BlazorApp4.Client", "BlazorApp4.Client\BlazorApp4.Client.csproj", "{751DC445-DE78-4BFA-9307-D6B973948AD4}"
EndProject
Global
	GlobalSection(SolutionConfigurationPlatforms) = preSolution
		Debug|Any CPU = Debug|Any CPU
		Debug|x64 = Debug|x64
		Debug|x86 = Debug|x86
		Release|Any CPU = Release|Any CPU
		Release|x64 = Release|x64
		Release|x86 = Release|x86
	EndGlobalSection
	GlobalSection(ProjectConfigurationPlatforms) = postSolution
		{751DC445-DE78-4BFA-9307-D6B973948AD4}.Debug|Any CPU.ActiveCfg = Debug|Any CPU
		{751DC445-DE78-4BFA-9307-D6B973948AD4}.Debug|Any CPU.Build.0 = Debug|Any CPU
		{751DC445-DE78-4BFA-9307-D6B973948AD4}.Debug|x64.ActiveCfg = Debug|Any CPU
		{751DC445-DE78-4BFA-9307-D6B973948AD4}.Debug|x64.Build.0 = Debug|Any CPU
		{751DC445-DE78-4BFA-9307-D6B973948AD4}.Debug|x86.ActiveCfg = Debug|Any CPU
		{751DC445-DE78-4BFA-9307-D6B973948AD4}.Debug|x86.Build.0 = Debug|Any CPU
		{751DC445-DE78-4BFA-9307-D6B973948AD4}.Release|Any CPU.ActiveCfg = Release|Any CPU
		{751DC445-DE78-4BFA-9307-D6B973948AD4}.Release|Any CPU.Build.0 = Release|Any CPU
		{751DC445-DE78-4BFA-9307-D6B973948AD4}.Release|x64.ActiveCfg = Release|Any CPU
		{751DC445-DE78-4BFA-9307-D6B973948AD4}.Release|x64.Build.0 = Release|Any CPU
		{751DC445-DE78-4BFA-9307-D6B973948AD4}.Release|x86.ActiveCfg = Release|Any CPU
		{751DC445-DE78-4BFA-9307-D6B973948AD4}.Release|x86.Build.0 = Release|Any CPU
		{7ED14367-8659-4F21-AAE2-A35E58F2942C}.Debug|Any CPU.ActiveCfg = Debug|Any CPU
		{7ED14367-8659-4F21-AAE2-A35E58F2942C}.Debug|Any CPU.Build.0 = Debug|Any CPU
		{7ED14367-8659-4F21-AAE2-A35E58F2942C}.Debug|x64.ActiveCfg = Debug|Any CPU
		{7ED14367-8659-4F21-AAE2-A35E58F2942C}.Debug|x64.Build.0 = Debug|Any CPU
		{7ED14367-8659-4F21-AAE2-A35E58F2942C}.Debug|x86.ActiveCfg = Debug|Any CPU
		{7ED14367-8659-4F21-AAE2-A35E58F2942C}.Debug|x86.Build.0 = Debug|Any CPU
		{7ED14367-8659-4F21-AAE2-A35E58F2942C}.Release|Any CPU.ActiveCfg = Release|Any CPU
		{7ED14367-8659-4F21-AAE2-A35E58F2942C}.Release|Any CPU.Build.0 = Release|Any CPU
		{7ED14367-8659-4F21-AAE2-A35E58F2942C}.Release|x64.ActiveCfg = Release|Any CPU
		{7ED14367-8659-4F21-AAE2-A35E58F2942C}.Release|x64.Build.0 = Release|Any CPU
		{7ED14367-8659-4F21-AAE2-A35E58F2942C}.Release|x86.ActiveCfg = Release|Any CPU
		{7ED14367-8659-4F21-AAE2-A35E58F2942C}.Release|x86.Build.0 = Release|Any CPU
	EndGlobalSection
	GlobalSection(SolutionProperties) = preSolution
		HideSolutionNode = FALSE
	EndGlobalSection
	GlobalSection(ExtensibilityGlobals) = postSolution
		SolutionGuid = {AC0F0D82-FE84-43B9-85B5-35D123FD6AF2}
	EndGlobalSection
EndGlobal
